{
  "object": {
    "pins": [
      {
        "package": "MySexyPackage",
        "repositoryURL": "https://github.com/Kilo-Loco/MySexyPackage.git",
        "state": {
          "branch": null,
          "revision": "5aa5b3de7a393c9b430b0518ddabc0b890cbef9e",
          "version": "1.0.0"
        }
      }
    ]
  },
  "version": 1
}
